
Microsoft Visual Studio Solution File, Format Version 12.00
# Visual Studio Version 17
VisualStudioVersion = 17.14.36202.13 d17.14
MinimumVisualStudioVersion = 10.0.40219.1
Project("{FAE04EC0-301F-11D3-BF4B-00C04F79EFBC}") = "ProjectVT", "ProjectVT\ProjectVT.csproj", "{CFF27358-710F-C6BC-81A4-53075FC8E637}"
EndProject
Project("{FAE04EC0-301F-11D3-BF4B-00C04F79EFBC}") = "ProjectVT.Desktop", "ProjectVT.Desktop\ProjectVT.Desktop.csproj", "{07DD6F42-5824-22B2-1B1D-92CBC57EBBE7}"
EndProject
Global
	GlobalSection(SolutionConfigurationPlatforms) = preSolution
		Debug|Any CPU = Debug|Any CPU
		Release|Any CPU = Release|Any CPU
	EndGlobalSection
	GlobalSection(ProjectConfigurationPlatforms) = postSolution
		{CFF27358-710F-C6BC-81A4-53075FC8E637}.Debug|Any CPU.ActiveCfg = Debug|Any CPU
		{CFF27358-710F-C6BC-81A4-53075FC8E637}.Debug|Any CPU.Build.0 = Debug|Any CPU
		{CFF27358-710F-C6BC-81A4-53075FC8E637}.Release|Any CPU.ActiveCfg = Release|Any CPU
		{CFF27358-710F-C6BC-81A4-53075FC8E637}.Release|Any CPU.Build.0 = Release|Any CPU
		{07DD6F42-5824-22B2-1B1D-92CBC57EBBE7}.Debug|Any CPU.ActiveCfg = Debug|Any CPU
		{07DD6F42-5824-22B2-1B1D-92CBC57EBBE7}.Debug|Any CPU.Build.0 = Debug|Any CPU
		{07DD6F42-5824-22B2-1B1D-92CBC57EBBE7}.Release|Any CPU.ActiveCfg = Release|Any CPU
		{07DD6F42-5824-22B2-1B1D-92CBC57EBBE7}.Release|Any CPU.Build.0 = Release|Any CPU
	EndGlobalSection
	GlobalSection(SolutionProperties) = preSolution
		HideSolutionNode = FALSE
	EndGlobalSection
	GlobalSection(ExtensibilityGlobals) = postSolution
		SolutionGuid = {59207347-35CC-4A3A-90EF-9828D07982CD}
	EndGlobalSection
EndGlobal
